dependencies:
- name: di
  repository: https://s3.amazonaws.com/resources.gigaspaces.com/helm-charts-dih
  version: 2.0.16
- name: di-flink
  repository: https://s3.amazonaws.com/resources.gigaspaces.com/helm-charts-dih
  version: 1.0.7
- name: grafana
  repository: https://grafana.github.io/helm-charts
  version: 6.44.7
- name: influxdb
  repository: https://s3.amazonaws.com/resources.gigaspaces.com/helm-charts-dih
  version: 4.9.14
- name: kafka
  repository: https://charts.bitnami.com/bitnami
  version: 20.0.6
- name: kafka-ui
  repository: https://s3.amazonaws.com/resources.gigaspaces.com/helm-charts-dih
  version: 0.1.0
- name: service-creator
  repository: https://s3.amazonaws.com/resources.gigaspaces.com/helm-charts-dih
  version: 1.0.4
- name: service-operator
  repository: https://s3.amazonaws.com/resources.gigaspaces.com/helm-charts-dih
  version: 1.0.9
- name: spacedeck
  repository: https://s3.amazonaws.com/resources.gigaspaces.com/helm-charts-dih
  version: 1.1.13
- name: xap-manager
  repository: https://s3.amazonaws.com/resources.gigaspaces.com/helm-charts-dih
  version: 16.3.0
- name: xap-operator
  repository: https://s3.amazonaws.com/resources.gigaspaces.com/helm-charts-dih
  version: 16.3.0
- name: xap-dgw
  repository: https://s3.amazonaws.com/resources.gigaspaces.com/helm-charts-dih
  version: 16.3.0
- name: iidr-as
  repository: https://s3.amazonaws.com/resources.gigaspaces.com/helm-charts-dih
  version: 2.2.0
- name: iidr-kafka
  repository: https://s3.amazonaws.com/resources.gigaspaces.com/helm-charts-dih
  version: 2.0.0
- name: di-subscription-manager
  repository: https://s3.amazonaws.com/resources.gigaspaces.com/helm-charts-dih
  version: 1.2.1
digest: sha256:d282ba6a5e6e03e161ac4d8f947e56080a14ba9679e895183c07a3e512620e38
generated: "2023-05-04T14:32:37.423882+03:00"
